
Microsoft Visual Studio Solution File, Format Version 12.00
# Visual Studio 15
VisualStudioVersion = 15.0.27428.2002
MinimumVisualStudioVersion = 10.0.40219.1
Project("{8BC9CEB8-8B4A-11D0-8D11-00A0C91BC942}") = "OpenMP", "OpenMP\OpenMP.vcxproj", "{5FA9289F-060F-49A5-A96E-B179736B92BF}"
EndProject
Global
	GlobalSection(SolutionConfigurationPlatforms) = preSolution
		Debug|x64 = Debug|x64
		Debug|x86 = Debug|x86
		Release|x64 = Release|x64
		Release|x86 = Release|x86
	EndGlobalSection
	GlobalSection(ProjectConfigurationPlatforms) = postSolution
		{5FA9289F-060F-49A5-A96E-B179736B92BF}.Debug|x64.ActiveCfg = Debug|x64
		{5FA9289F-060F-49A5-A96E-B179736B92BF}.Debug|x64.Build.0 = Debug|x64
		{5FA9289F-060F-49A5-A96E-B179736B92BF}.Debug|x86.ActiveCfg = Debug|Win32
		{5FA9289F-060F-49A5-A96E-B179736B92BF}.Debug|x86.Build.0 = Debug|Win32
		{5FA9289F-060F-49A5-A96E-B179736B92BF}.Release|x64.ActiveCfg = Release|x64
		{5FA9289F-060F-49A5-A96E-B179736B92BF}.Release|x64.Build.0 = Release|x64
		{5FA9289F-060F-49A5-A96E-B179736B92BF}.Release|x86.ActiveCfg = Release|Win32
		{5FA9289F-060F-49A5-A96E-B179736B92BF}.Release|x86.Build.0 = Release|Win32
	EndGlobalSection
	GlobalSection(SolutionProperties) = preSolution
		HideSolutionNode = FALSE
	EndGlobalSection
	GlobalSection(ExtensibilityGlobals) = postSolution
		SolutionGuid = {B683F375-B03C-467D-8420-B35BD3F74F2D}
	EndGlobalSection
EndGlobal
